
Microsoft Visual Studio Solution File, Format Version 12.00
# Visual Studio 15
VisualStudioVersion = 15.0.27428.2011
MinimumVisualStudioVersion = 10.0.40219.1
Project("{FAE04EC0-301F-11D3-BF4B-00C04F79EFBC}") = "ArcQuiz.Android", "ArcQuiz\ArcQuiz.Android\ArcQuiz.Android.csproj", "{102EDC6E-5A5D-4D0D-8832-6BD77859E05A}"
EndProject
Project("{FAE04EC0-301F-11D3-BF4B-00C04F79EFBC}") = "ArcQuiz.iOS", "ArcQuiz\ArcQuiz.iOS\ArcQuiz.iOS.csproj", "{961D6976-F7EE-4BB8-B23D-7ADBF3503099}"
EndProject
Project("{FAE04EC0-301F-11D3-BF4B-00C04F79EFBC}") = "ArcQuiz.UWP", "ArcQuiz\ArcQuiz.UWP\ArcQuiz.UWP.csproj", "{1348099C-0AA1-4553-A90D-281276BD9090}"
EndProject
Project("{FAE04EC0-301F-11D3-BF4B-00C04F79EFBC}") = "ArcQuiz", "ArcQuiz\ArcQuiz\ArcQuiz.csproj", "{EB3B9E8B-1B21-4CF0-9BCA-83569C948943}"
EndProject
Global
	GlobalSection(SolutionConfigurationPlatforms) = preSolution
		Ad-Hoc|Any CPU = Ad-Hoc|Any CPU
		Ad-Hoc|ARM = Ad-Hoc|ARM
		Ad-Hoc|iPhone = Ad-Hoc|iPhone
		Ad-Hoc|iPhoneSimulator = Ad-Hoc|iPhoneSimulator
		Ad-Hoc|x64 = Ad-Hoc|x64
		Ad-Hoc|x86 = Ad-Hoc|x86
		AppStore|Any CPU = AppStore|Any CPU
		AppStore|ARM = AppStore|ARM
		AppStore|iPhone = AppStore|iPhone
		AppStore|iPhoneSimulator = AppStore|iPhoneSimulator
		AppStore|x64 = AppStore|x64
		AppStore|x86 = AppStore|x86
		Debug|Any CPU = Debug|Any CPU
		Debug|ARM = Debug|ARM
		Debug|iPhone = Debug|iPhone
		Debug|iPhoneSimulator = Debug|iPhoneSimulator
		Debug|x64 = Debug|x64
		Debug|x86 = Debug|x86
		Release|Any CPU = Release|Any CPU
		Release|ARM = Release|ARM
		Release|iPhone = Release|iPhone
		Release|iPhoneSimulator = Release|iPhoneSimulator
		Release|x64 = Release|x64
		Release|x86 = Release|x86
	EndGlobalSection
	GlobalSection(ProjectConfigurationPlatforms) = postSolution
		{102EDC6E-5A5D-4D0D-8832-6BD77859E05A}.Ad-Hoc|Any CPU.ActiveCfg = Release|Any CPU
		{102EDC6E-5A5D-4D0D-8832-6BD77859E05A}.Ad-Hoc|Any CPU.Build.0 = Release|Any CPU
		{102EDC6E-5A5D-4D0D-8832-6BD77859E05A}.Ad-Hoc|Any CPU.Deploy.0 = Release|Any CPU
		{102EDC6E-5A5D-4D0D-8832-6BD77859E05A}.Ad-Hoc|ARM.ActiveCfg = Release|Any CPU
		{102EDC6E-5A5D-4D0D-8832-6BD77859E05A}.Ad-Hoc|ARM.Build.0 = Release|Any CPU
		{102EDC6E-5A5D-4D0D-8832-6BD77859E05A}.Ad-Hoc|ARM.Deploy.0 = Release|Any CPU
		{102EDC6E-5A5D-4D0D-8832-6BD77859E05A}.Ad-Hoc|iPhone.ActiveCfg = Release|Any CPU
		{102EDC6E-5A5D-4D0D-8832-6BD77859E05A}.Ad-Hoc|iPhone.Build.0 = Release|Any CPU
		{102EDC6E-5A5D-4D0D-8832-6BD77859E05A}.Ad-Hoc|iPhone.Deploy.0 = Release|Any CPU
		{102EDC6E-5A5D-4D0D-8832-6BD77859E05A}.Ad-Hoc|iPhoneSimulator.ActiveCfg = Release|Any CPU
		{102EDC6E-5A5D-4D0D-8832-6BD77859E05A}.Ad-Hoc|iPhoneSimulator.Build.0 = Release|Any CPU
		{102EDC6E-5A5D-4D0D-8832-6BD77859E05A}.Ad-Hoc|iPhoneSimulator.Deploy.0 = Release|Any CPU
		{102EDC6E-5A5D-4D0D-8832-6BD77859E05A}.Ad-Hoc|x64.ActiveCfg = Release|Any CPU
		{102EDC6E-5A5D-4D0D-8832-6BD77859E05A}.Ad-Hoc|x64.Build.0 = Release|Any CPU
		{102EDC6E-5A5D-4D0D-8832-6BD77859E05A}.Ad-Hoc|x64.Deploy.0 = Release|Any CPU
		{102EDC6E-5A5D-4D0D-8832-6BD77859E05A}.Ad-Hoc|x86.ActiveCfg = Release|Any CPU
		{102EDC6E-5A5D-4D0D-8832-6BD77859E05A}.Ad-Hoc|x86.Build.0 = Release|Any CPU
		{102EDC6E-5A5D-4D0D-8832-6BD77859E05A}.Ad-Hoc|x86.Deploy.0 = Release|Any CPU
		{102EDC6E-5A5D-4D0D-8832-6BD77859E05A}.AppStore|Any CPU.ActiveCfg = Release|Any CPU
		{102EDC6E-5A5D-4D0D-8832-6BD77859E05A}.AppStore|Any CPU.Build.0 = Release|Any CPU
		{102EDC6E-5A5D-4D0D-8832-6BD77859E05A}.AppStore|Any CPU.Deploy.0 = Release|Any CPU
		{102EDC6E-5A5D-4D0D-8832-6BD77859E05A}.AppStore|ARM.ActiveCfg = Release|Any CPU
		{102EDC6E-5A5D-4D0D-8832-6BD77859E05A}.AppStore|ARM.Build.0 = Release|Any CPU
		{102EDC6E-5A5D-4D0D-8832-6BD77859E05A}.AppStore|ARM.Deploy.0 = Release|Any CPU
		{102EDC6E-5A5D-4D0D-8832-6BD77859E05A}.AppStore|iPhone.ActiveCfg = Release|Any CPU
		{102EDC6E-5A5D-4D0D-8832-6BD77859E05A}.AppStore|iPhone.Build.0 = Release|Any CPU
		{102EDC6E-5A5D-4D0D-8832-6BD77859E05A}.AppStore|iPhone.Deploy.0 = Release|Any CPU
		{102EDC6E-5A5D-4D0D-8832-6BD77859E05A}.AppStore|iPhoneSimulator.ActiveCfg = Release|Any CPU
		{102EDC6E-5A5D-4D0D-8832-6BD77859E05A}.AppStore|iPhoneSimulator.Build.0 = Release|Any CPU
		{102EDC6E-5A5D-4D0D-8832-6BD77859E05A}.AppStore|iPhoneSimulator.Deploy.0 = Release|Any CPU
		{102EDC6E-5A5D-4D0D-8832-6BD77859E05A}.AppStore|x64.ActiveCfg = Release|Any CPU
		{102EDC6E-5A5D-4D0D-8832-6BD77859E05A}.AppStore|x64.Build.0 = Release|Any CPU
		{102EDC6E-5A5D-4D0D-8832-6BD77859E05A}.AppStore|x64.Deploy.0 = Release|Any CPU
		{102EDC6E-5A5D-4D0D-8832-6BD77859E05A}.AppStore|x86.ActiveCfg = Release|Any CPU
		{102EDC6E-5A5D-4D0D-8832-6BD77859E05A}.AppStore|x86.Build.0 = Release|Any CPU
		{102EDC6E-5A5D-4D0D-8832-6BD77859E05A}.AppStore|x86.Deploy.0 = Release|Any CPU
		{102EDC6E-5A5D-4D0D-8832-6BD77859E05A}.Debug|Any CPU.ActiveCfg = Debug|Any CPU
		{102EDC6E-5A5D-4D0D-8832-6BD77859E05A}.Debug|Any CPU.Build.0 = Debug|Any CPU
		{102EDC6E-5A5D-4D0D-8832-6BD77859E05A}.Debug|Any CPU.Deploy.0 = Debug|Any CPU
		{102EDC6E-5A5D-4D0D-8832-6BD77859E05A}.Debug|ARM.ActiveCfg = Debug|Any CPU
		{102EDC6E-5A5D-4D0D-8832-6BD77859E05A}.Debug|ARM.Build.0 = Debug|Any CPU
		{102EDC6E-5A5D-4D0D-8832-6BD77859E05A}.Debug|ARM.Deploy.0 = Debug|Any CPU
		{102EDC6E-5A5D-4D0D-8832-6BD77859E05A}.Debug|iPhone.ActiveCfg = Debug|Any CPU
		{102EDC6E-5A5D-4D0D-8832-6BD77859E05A}.Debug|iPhone.Build.0 = Debug|Any CPU
		{102EDC6E-5A5D-4D0D-8832-6BD77859E05A}.Debug|iPhone.Deploy.0 = Debug|Any CPU
		{102EDC6E-5A5D-4D0D-8832-6BD77859E05A}.Debug|iPhoneSimulator.ActiveCfg = Debug|Any CPU
		{102EDC6E-5A5D-4D0D-8832-6BD77859E05A}.Debug|iPhoneSimulator.Build.0 = Debug|Any CPU
		{102EDC6E-5A5D-4D0D-8832-6BD77859E05A}.Debug|iPhoneSimulator.Deploy.0 = Debug|Any CPU
		{102EDC6E-5A5D-4D0D-8832-6BD77859E05A}.Debug|x64.ActiveCfg = Debug|Any CPU
		{102EDC6E-5A5D-4D0D-8832-6BD77859E05A}.Debug|x64.Build.0 = Debug|Any CPU
		{102EDC6E-5A5D-4D0D-8832-6BD77859E05A}.Debug|x64.Deploy.0 = Debug|Any CPU
		{102EDC6E-5A5D-4D0D-8832-6BD77859E05A}.Debug|x86.ActiveCfg = Debug|Any CPU
		{102EDC6E-5A5D-4D0D-8832-6BD77859E05A}.Debug|x86.Build.0 = Debug|Any CPU
		{102EDC6E-5A5D-4D0D-8832-6BD77859E05A}.Debug|x86.Deploy.0 = Debug|Any CPU
		{102EDC6E-5A5D-4D0D-8832-6BD77859E05A}.Release|Any CPU.ActiveCfg = Release|Any CPU
		{102EDC6E-5A5D-4D0D-8832-6BD77859E05A}.Release|Any CPU.Build.0 = Release|Any CPU
		{102EDC6E-5A5D-4D0D-8832-6BD77859E05A}.Release|Any CPU.Deploy.0 = Release|Any CPU
		{102EDC6E-5A5D-4D0D-8832-6BD77859E05A}.Release|ARM.ActiveCfg = Release|Any CPU
		{102EDC6E-5A5D-4D0D-8832-6BD77859E05A}.Release|ARM.Build.0 = Release|Any CPU
		{102EDC6E-5A5D-4D0D-8832-6BD77859E05A}.Release|ARM.Deploy.0 = Release|Any CPU
		{102EDC6E-5A5D-4D0D-8832-6BD77859E05A}.Release|iPhone.ActiveCfg = Release|Any CPU
		{102EDC6E-5A5D-4D0D-8832-6BD77859E05A}.Release|iPhone.Build.0 = Release|Any CPU
		{102EDC6E-5A5D-4D0D-8832-6BD77859E05A}.Release|iPhone.Deploy.0 = Release|Any CPU
		{102EDC6E-5A5D-4D0D-8832-6BD77859E05A}.Release|iPhoneSimulator.ActiveCfg = Release|Any CPU
		{102EDC6E-5A5D-4D0D-8832-6BD77859E05A}.Release|iPhoneSimulator.Build.0 = Release|Any CPU
		{102EDC6E-5A5D-4D0D-8832-6BD77859E05A}.Release|iPhoneSimulator.Deploy.0 = Release|Any CPU
		{102EDC6E-5A5D-4D0D-8832-6BD77859E05A}.Release|x64.ActiveCfg = Release|Any CPU
		{102EDC6E-5A5D-4D0D-8832-6BD77859E05A}.Release|x64.Build.0 = Release|Any CPU
		{102EDC6E-5A5D-4D0D-8832-6BD77859E05A}.Release|x64.Deploy.0 = Release|Any CPU
		{102EDC6E-5A5D-4D0D-8832-6BD77859E05A}.Release|x86.ActiveCfg = Release|Any CPU
		{102EDC6E-5A5D-4D0D-8832-6BD77859E05A}.Release|x86.Build.0 = Release|Any CPU
		{102EDC6E-5A5D-4D0D-8832-6BD77859E05A}.Release|x86.Deploy.0 = Release|Any CPU
		{961D6976-F7EE-4BB8-B23D-7ADBF3503099}.Ad-Hoc|Any CPU.ActiveCfg = Ad-Hoc|iPhone
		{961D6976-F7EE-4BB8-B23D-7ADBF3503099}.Ad-Hoc|ARM.ActiveCfg = Ad-Hoc|iPhone
		{961D6976-F7EE-4BB8-B23D-7ADBF3503099}.Ad-Hoc|iPhone.ActiveCfg = Ad-Hoc|iPhone
		{961D6976-F7EE-4BB8-B23D-7ADBF3503099}.Ad-Hoc|iPhone.Build.0 = Ad-Hoc|iPhone
		{961D6976-F7EE-4BB8-B23D-7ADBF3503099}.Ad-Hoc|iPhoneSimulator.ActiveCfg = Ad-Hoc|iPhoneSimulator
		{961D6976-F7EE-4BB8-B23D-7ADBF3503099}.Ad-Hoc|iPhoneSimulator.Build.0 = Ad-Hoc|iPhoneSimulator
		{961D6976-F7EE-4BB8-B23D-7ADBF3503099}.Ad-Hoc|x64.ActiveCfg = Ad-Hoc|iPhone
		{961D6976-F7EE-4BB8-B23D-7ADBF3503099}.Ad-Hoc|x86.ActiveCfg = Ad-Hoc|iPhone
		{961D6976-F7EE-4BB8-B23D-7ADBF3503099}.AppStore|Any CPU.ActiveCfg = AppStore|iPhone
		{961D6976-F7EE-4BB8-B23D-7ADBF3503099}.AppStore|ARM.ActiveCfg = AppStore|iPhone
		{961D6976-F7EE-4BB8-B23D-7ADBF3503099}.AppStore|iPhone.ActiveCfg = AppStore|iPhone
		{961D6976-F7EE-4BB8-B23D-7ADBF3503099}.AppStore|iPhone.Build.0 = AppStore|iPhone
		{961D6976-F7EE-4BB8-B23D-7ADBF3503099}.AppStore|iPhoneSimulator.ActiveCfg = AppStore|iPhoneSimulator
		{961D6976-F7EE-4BB8-B23D-7ADBF3503099}.AppStore|iPhoneSimulator.Build.0 = AppStore|iPhoneSimulator
		{961D6976-F7EE-4BB8-B23D-7ADBF3503099}.AppStore|x64.ActiveCfg = AppStore|iPhone
		{961D6976-F7EE-4BB8-B23D-7ADBF3503099}.AppStore|x86.ActiveCfg = AppStore|iPhone
		{961D6976-F7EE-4BB8-B23D-7ADBF3503099}.Debug|Any CPU.ActiveCfg = Debug|iPhone
		{961D6976-F7EE-4BB8-B23D-7ADBF3503099}.Debug|ARM.ActiveCfg = Debug|iPhone
		{961D6976-F7EE-4BB8-B23D-7ADBF3503099}.Debug|iPhone.ActiveCfg = Debug|iPhone
		{961D6976-F7EE-4BB8-B23D-7ADBF3503099}.Debug|iPhone.Build.0 = Debug|iPhone
		{961D6976-F7EE-4BB8-B23D-7ADBF3503099}.Debug|iPhoneSimulator.ActiveCfg = Debug|iPhoneSimulator
		{961D6976-F7EE-4BB8-B23D-7ADBF3503099}.Debug|iPhoneSimulator.Build.0 = Debug|iPhoneSimulator
		{961D6976-F7EE-4BB8-B23D-7ADBF3503099}.Debug|x64.ActiveCfg = Debug|iPhone
		{961D6976-F7EE-4BB8-B23D-7ADBF3503099}.Debug|x86.ActiveCfg = Debug|iPhone
		{961D6976-F7EE-4BB8-B23D-7ADBF3503099}.Release|Any CPU.ActiveCfg = Release|iPhone
		{961D6976-F7EE-4BB8-B23D-7ADBF3503099}.Release|ARM.ActiveCfg = Release|iPhone
		{961D6976-F7EE-4BB8-B23D-7ADBF3503099}.Release|iPhone.ActiveCfg = Release|iPhone
		{961D6976-F7EE-4BB8-B23D-7ADBF3503099}.Release|iPhone.Build.0 = Release|iPhone
		{961D6976-F7EE-4BB8-B23D-7ADBF3503099}.Release|iPhoneSimulator.ActiveCfg = Release|iPhoneSimulator
		{961D6976-F7EE-4BB8-B23D-7ADBF3503099}.Release|iPhoneSimulator.Build.0 = Release|iPhoneSimulator
		{961D6976-F7EE-4BB8-B23D-7ADBF3503099}.Release|x64.ActiveCfg = Release|iPhone
		{961D6976-F7EE-4BB8-B23D-7ADBF3503099}.Release|x86.ActiveCfg = Release|iPhone
		{1348099C-0AA1-4553-A90D-281276BD9090}.Ad-Hoc|Any CPU.ActiveCfg = Release|x86
		{1348099C-0AA1-4553-A90D-281276BD9090}.Ad-Hoc|Any CPU.Build.0 = Release|x86
		{1348099C-0AA1-4553-A90D-281276BD9090}.Ad-Hoc|Any CPU.Deploy.0 = Release|x86
		{1348099C-0AA1-4553-A90D-281276BD9090}.Ad-Hoc|ARM.ActiveCfg = Release|ARM
		{1348099C-0AA1-4553-A90D-281276BD9090}.Ad-Hoc|ARM.Build.0 = Release|ARM
		{1348099C-0AA1-4553-A90D-281276BD9090}.Ad-Hoc|ARM.Deploy.0 = Release|ARM
		{1348099C-0AA1-4553-A90D-281276BD9090}.Ad-Hoc|iPhone.ActiveCfg = Release|x86
		{1348099C-0AA1-4553-A90D-281276BD9090}.Ad-Hoc|iPhone.Build.0 = Release|x86
		{1348099C-0AA1-4553-A90D-281276BD9090}.Ad-Hoc|iPhone.Deploy.0 = Release|x86
		{1348099C-0AA1-4553-A90D-281276BD9090}.Ad-Hoc|iPhoneSimulator.ActiveCfg = Release|x86
		{1348099C-0AA1-4553-A90D-281276BD9090}.Ad-Hoc|iPhoneSimulator.Build.0 = Release|x86
		{1348099C-0AA1-4553-A90D-281276BD9090}.Ad-Hoc|iPhoneSimulator.Deploy.0 = Release|x86
		{1348099C-0AA1-4553-A90D-281276BD9090}.Ad-Hoc|x64.ActiveCfg = Release|x64
		{1348099C-0AA1-4553-A90D-281276BD9090}.Ad-Hoc|x64.Build.0 = Release|x64
		{1348099C-0AA1-4553-A90D-281276BD9090}.Ad-Hoc|x64.Deploy.0 = Release|x64
		{1348099C-0AA1-4553-A90D-281276BD9090}.Ad-Hoc|x86.ActiveCfg = Release|x86
		{1348099C-0AA1-4553-A90D-281276BD9090}.Ad-Hoc|x86.Build.0 = Release|x86
		{1348099C-0AA1-4553-A90D-281276BD9090}.Ad-Hoc|x86.Deploy.0 = Release|x86
		{1348099C-0AA1-4553-A90D-281276BD9090}.AppStore|Any CPU.ActiveCfg = Release|x86
		{1348099C-0AA1-4553-A90D-281276BD9090}.AppStore|Any CPU.Build.0 = Release|x86
		{1348099C-0AA1-4553-A90D-281276BD9090}.AppStore|Any CPU.Deploy.0 = Release|x86
		{1348099C-0AA1-4553-A90D-281276BD9090}.AppStore|ARM.ActiveCfg = Release|ARM
		{1348099C-0AA1-4553-A90D-281276BD9090}.AppStore|ARM.Build.0 = Release|ARM
		{1348099C-0AA1-4553-A90D-281276BD9090}.AppStore|ARM.Deploy.0 = Release|ARM
		{1348099C-0AA1-4553-A90D-281276BD9090}.AppStore|iPhone.ActiveCfg = Release|x86
		{1348099C-0AA1-4553-A90D-281276BD9090}.AppStore|iPhone.Build.0 = Release|x86
		{1348099C-0AA1-4553-A90D-281276BD9090}.AppStore|iPhone.Deploy.0 = Release|x86
		{1348099C-0AA1-4553-A90D-281276BD9090}.AppStore|iPhoneSimulator.ActiveCfg = Release|x86
		{1348099C-0AA1-4553-A90D-281276BD9090}.AppStore|iPhoneSimulator.Build.0 = Release|x86
		{1348099C-0AA1-4553-A90D-281276BD9090}.AppStore|iPhoneSimulator.Deploy.0 = Release|x86
		{1348099C-0AA1-4553-A90D-281276BD9090}.AppStore|x64.ActiveCfg = Release|x64
		{1348099C-0AA1-4553-A90D-281276BD9090}.AppStore|x64.Build.0 = Release|x64
		{1348099C-0AA1-4553-A90D-281276BD9090}.AppStore|x64.Deploy.0 = Release|x64
		{1348099C-0AA1-4553-A90D-281276BD9090}.AppStore|x86.ActiveCfg = Release|x86
		{1348099C-0AA1-4553-A90D-281276BD9090}.AppStore|x86.Build.0 = Release|x86
		{1348099C-0AA1-4553-A90D-281276BD9090}.AppStore|x86.Deploy.0 = Release|x86
		{1348099C-0AA1-4553-A90D-281276BD9090}.Debug|Any CPU.ActiveCfg = Debug|x86
		{1348099C-0AA1-4553-A90D-281276BD9090}.Debug|ARM.ActiveCfg = Debug|ARM
		{1348099C-0AA1-4553-A90D-281276BD9090}.Debug|ARM.Build.0 = Debug|ARM
		{1348099C-0AA1-4553-A90D-281276BD9090}.Debug|ARM.Deploy.0 = Debug|ARM
		{1348099C-0AA1-4553-A90D-281276BD9090}.Debug|iPhone.ActiveCfg = Debug|x86
		{1348099C-0AA1-4553-A90D-281276BD9090}.Debug|iPhoneSimulator.ActiveCfg = Debug|x86
		{1348099C-0AA1-4553-A90D-281276BD9090}.Debug|x64.ActiveCfg = Debug|x64
		{1348099C-0AA1-4553-A90D-281276BD9090}.Debug|x64.Build.0 = Debug|x64
		{1348099C-0AA1-4553-A90D-281276BD9090}.Debug|x64.Deploy.0 = Debug|x64
		{1348099C-0AA1-4553-A90D-281276BD9090}.Debug|x86.ActiveCfg = Debug|x86
		{1348099C-0AA1-4553-A90D-281276BD9090}.Debug|x86.Build.0 = Debug|x86
		{1348099C-0AA1-4553-A90D-281276BD9090}.Debug|x86.Deploy.0 = Debug|x86
		{1348099C-0AA1-4553-A90D-281276BD9090}.Release|Any CPU.ActiveCfg = Release|x86
		{1348099C-0AA1-4553-A90D-281276BD9090}.Release|ARM.ActiveCfg = Release|ARM
		{1348099C-0AA1-4553-A90D-281276BD9090}.Release|ARM.Build.0 = Release|ARM
		{1348099C-0AA1-4553-A90D-281276BD9090}.Release|ARM.Deploy.0 = Release|ARM
		{1348099C-0AA1-4553-A90D-281276BD9090}.Release|iPhone.ActiveCfg = Release|x86
		{1348099C-0AA1-4553-A90D-281276BD9090}.Release|iPhoneSimulator.ActiveCfg = Release|x86
		{1348099C-0AA1-4553-A90D-281276BD9090}.Release|x64.ActiveCfg = Release|x64
		{1348099C-0AA1-4553-A90D-281276BD9090}.Release|x64.Build.0 = Release|x64
		{1348099C-0AA1-4553-A90D-281276BD9090}.Release|x64.Deploy.0 = Release|x64
		{1348099C-0AA1-4553-A90D-281276BD9090}.Release|x86.ActiveCfg = Release|x86
		{1348099C-0AA1-4553-A90D-281276BD9090}.Release|x86.Build.0 = Release|x86
		{1348099C-0AA1-4553-A90D-281276BD9090}.Release|x86.Deploy.0 = Release|x86
		{EB3B9E8B-1B21-4CF0-9BCA-83569C948943}.Ad-Hoc|Any CPU.ActiveCfg = Debug|Any CPU
		{EB3B9E8B-1B21-4CF0-9BCA-83569C948943}.Ad-Hoc|Any CPU.Build.0 = Debug|Any CPU
		{EB3B9E8B-1B21-4CF0-9BCA-83569C948943}.Ad-Hoc|ARM.ActiveCfg = Debug|Any CPU
		{EB3B9E8B-1B21-4CF0-9BCA-83569C948943}.Ad-Hoc|ARM.Build.0 = Debug|Any CPU
		{EB3B9E8B-1B21-4CF0-9BCA-83569C948943}.Ad-Hoc|iPhone.ActiveCfg = Debug|Any CPU
		{EB3B9E8B-1B21-4CF0-9BCA-83569C948943}.Ad-Hoc|iPhone.Build.0 = Debug|Any CPU
		{EB3B9E8B-1B21-4CF0-9BCA-83569C948943}.Ad-Hoc|iPhoneSimulator.ActiveCfg = Debug|Any CPU
		{EB3B9E8B-1B21-4CF0-9BCA-83569C948943}.Ad-Hoc|iPhoneSimulator.Build.0 = Debug|Any CPU
		{EB3B9E8B-1B21-4CF0-9BCA-83569C948943}.Ad-Hoc|x64.ActiveCfg = Debug|Any CPU
		{EB3B9E8B-1B21-4CF0-9BCA-83569C948943}.Ad-Hoc|x64.Build.0 = Debug|Any CPU
		{EB3B9E8B-1B21-4CF0-9BCA-83569C948943}.Ad-Hoc|x86.ActiveCfg = Debug|Any CPU
		{EB3B9E8B-1B21-4CF0-9BCA-83569C948943}.Ad-Hoc|x86.Build.0 = Debug|Any CPU
		{EB3B9E8B-1B21-4CF0-9BCA-83569C948943}.AppStore|Any CPU.ActiveCfg = Debug|Any CPU
		{EB3B9E8B-1B21-4CF0-9BCA-83569C948943}.AppStore|Any CPU.Build.0 = Debug|Any CPU
		{EB3B9E8B-1B21-4CF0-9BCA-83569C948943}.AppStore|ARM.ActiveCfg = Debug|Any CPU
		{EB3B9E8B-1B21-4CF0-9BCA-83569C948943}.AppStore|ARM.Build.0 = Debug|Any CPU
		{EB3B9E8B-1B21-4CF0-9BCA-83569C948943}.AppStore|iPhone.ActiveCfg = Debug|Any CPU
		{EB3B9E8B-1B21-4CF0-9BCA-83569C948943}.AppStore|iPhone.Build.0 = Debug|Any CPU
		{EB3B9E8B-1B21-4CF0-9BCA-83569C948943}.AppStore|iPhoneSimulator.ActiveCfg = Debug|Any CPU
		{EB3B9E8B-1B21-4CF0-9BCA-83569C948943}.AppStore|iPhoneSimulator.Build.0 = Debug|Any CPU
		{EB3B9E8B-1B21-4CF0-9BCA-83569C948943}.AppStore|x64.ActiveCfg = Debug|Any CPU
		{EB3B9E8B-1B21-4CF0-9BCA-83569C948943}.AppStore|x64.Build.0 = Debug|Any CPU
		{EB3B9E8B-1B21-4CF0-9BCA-83569C948943}.AppStore|x86.ActiveCfg = Debug|Any CPU
		{EB3B9E8B-1B21-4CF0-9BCA-83569C948943}.AppStore|x86.Build.0 = Debug|Any CPU
		{EB3B9E8B-1B21-4CF0-9BCA-83569C948943}.Debug|Any CPU.ActiveCfg = Debug|Any CPU
		{EB3B9E8B-1B21-4CF0-9BCA-83569C948943}.Debug|Any CPU.Build.0 = Debug|Any CPU
		{EB3B9E8B-1B21-4CF0-9BCA-83569C948943}.Debug|ARM.ActiveCfg = Debug|Any CPU
		{EB3B9E8B-1B21-4CF0-9BCA-83569C948943}.Debug|ARM.Build.0 = Debug|Any CPU
		{EB3B9E8B-1B21-4CF0-9BCA-83569C948943}.Debug|iPhone.ActiveCfg = Debug|Any CPU
		{EB3B9E8B-1B21-4CF0-9BCA-83569C948943}.Debug|iPhone.Build.0 = Debug|Any CPU
		{EB3B9E8B-1B21-4CF0-9BCA-83569C948943}.Debug|iPhoneSimulator.ActiveCfg = Debug|Any CPU
		{EB3B9E8B-1B21-4CF0-9BCA-83569C948943}.Debug|iPhoneSimulator.Build.0 = Debug|Any CPU
		{EB3B9E8B-1B21-4CF0-9BCA-83569C948943}.Debug|x64.ActiveCfg = Debug|Any CPU
		{EB3B9E8B-1B21-4CF0-9BCA-83569C948943}.Debug|x64.Build.0 = Debug|Any CPU
		{EB3B9E8B-1B21-4CF0-9BCA-83569C948943}.Debug|x86.ActiveCfg = Debug|Any CPU
		{EB3B9E8B-1B21-4CF0-9BCA-83569C948943}.Debug|x86.Build.0 = Debug|Any CPU
		{EB3B9E8B-1B21-4CF0-9BCA-83569C948943}.Release|Any CPU.ActiveCfg = Release|Any CPU
		{EB3B9E8B-1B21-4CF0-9BCA-83569C948943}.Release|Any CPU.Build.0 = Release|Any CPU
		{EB3B9E8B-1B21-4CF0-9BCA-83569C948943}.Release|ARM.ActiveCfg = Release|Any CPU
		{EB3B9E8B-1B21-4CF0-9BCA-83569C948943}.Release|ARM.Build.0 = Release|Any CPU
		{EB3B9E8B-1B21-4CF0-9BCA-83569C948943}.Release|iPhone.ActiveCfg = Release|Any CPU
		{EB3B9E8B-1B21-4CF0-9BCA-83569C948943}.Release|iPhone.Build.0 = Release|Any CPU
		{EB3B9E8B-1B21-4CF0-9BCA-83569C948943}.Release|iPhoneSimulator.ActiveCfg = Release|Any CPU
		{EB3B9E8B-1B21-4CF0-9BCA-83569C948943}.Release|iPhoneSimulator.Build.0 = Release|Any CPU
		{EB3B9E8B-1B21-4CF0-9BCA-83569C948943}.Release|x64.ActiveCfg = Release|Any CPU
		{EB3B9E8B-1B21-4CF0-9BCA-83569C948943}.Release|x64.Build.0 = Release|Any CPU
		{EB3B9E8B-1B21-4CF0-9BCA-83569C948943}.Release|x86.ActiveCfg = Release|Any CPU
		{EB3B9E8B-1B21-4CF0-9BCA-83569C948943}.Release|x86.Build.0 = Release|Any CPU
	EndGlobalSection
	GlobalSection(SolutionProperties) = preSolution
		HideSolutionNode = FALSE
	EndGlobalSection
	GlobalSection(ExtensibilityGlobals) = postSolution
		SolutionGuid = {2EC2AC6D-2547-4E6C-B1ED-3EC497298A31}
	EndGlobalSection
EndGlobal
